
Microsoft Visual Studio Solution File, Format Version 12.00
# Visual Studio Version 17
VisualStudioVersion = 17.6.33829.357
MinimumVisualStudioVersion = 10.0.40219.1
Project("{FAE04EC0-301F-11D3-BF4B-00C04F79EFBC}") = "EatMiddleware", "EatMiddleware\EatMiddleware.csproj", "{BFC8F377-73BB-4C91-B864-98B7CBAF219D}"
EndProject
Global
	GlobalSection(SolutionConfigurationPlatforms) = preSolution
		Debug|Any CPU = Debug|Any CPU
		Release|Any CPU = Release|Any CPU
	EndGlobalSection
	GlobalSection(ProjectConfigurationPlatforms) = postSolution
		{BFC8F377-73BB-4C91-B864-98B7CBAF219D}.Debug|Any CPU.ActiveCfg = Debug|Any CPU
		{BFC8F377-73BB-4C91-B864-98B7CBAF219D}.Debug|Any CPU.Build.0 = Debug|Any CPU
		{BFC8F377-73BB-4C91-B864-98B7CBAF219D}.Release|Any CPU.ActiveCfg = Release|Any CPU
		{BFC8F377-73BB-4C91-B864-98B7CBAF219D}.Release|Any CPU.Build.0 = Release|Any CPU
	EndGlobalSection
	GlobalSection(SolutionProperties) = preSolution
		HideSolutionNode = FALSE
	EndGlobalSection
	GlobalSection(ExtensibilityGlobals) = postSolution
		SolutionGuid = {477E4A9B-F543-40E1-A978-114286A17B70}
	EndGlobalSection
EndGlobal
